
Microsoft Visual Studio Solution File, Format Version 12.00
# Visual Studio 15
VisualStudioVersion = 15.0.28307.779
MinimumVisualStudioVersion = 10.0.40219.1
Project("{FAE04EC0-301F-11D3-BF4B-00C04F79EFBC}") = "DoublyLinkedList", "DoublyLinkedList\DoublyLinkedList.csproj", "{FA1E730F-7AFD-4607-A187-A8A7BAC3E313}"
EndProject
Global
	GlobalSection(SolutionConfigurationPlatforms) = preSolution
		Debug|Any CPU = Debug|Any CPU
		Release|Any CPU = Release|Any CPU
	EndGlobalSection
	GlobalSection(ProjectConfigurationPlatforms) = postSolution
		{FA1E730F-7AFD-4607-A187-A8A7BAC3E313}.Debug|Any CPU.ActiveCfg = Debug|Any CPU
		{FA1E730F-7AFD-4607-A187-A8A7BAC3E313}.Debug|Any CPU.Build.0 = Debug|Any CPU
		{FA1E730F-7AFD-4607-A187-A8A7BAC3E313}.Release|Any CPU.ActiveCfg = Release|Any CPU
		{FA1E730F-7AFD-4607-A187-A8A7BAC3E313}.Release|Any CPU.Build.0 = Release|Any CPU
	EndGlobalSection
	GlobalSection(SolutionProperties) = preSolution
		HideSolutionNode = FALSE
	EndGlobalSection
	GlobalSection(ExtensibilityGlobals) = postSolution
		SolutionGuid = {670A5EC1-F3AE-4673-BE3B-66BB9C024BD7}
	EndGlobalSection
EndGlobal
